
Microsoft Visual Studio Solution File, Format Version 12.00
# Visual Studio Version 17
VisualStudioVersion = 17.4.33213.308
MinimumVisualStudioVersion = 10.0.40219.1
Project("{9A19103F-16F7-4668-BE54-9A1E7A4F7556}") = "GrpcServer", "GrpcServer\GrpcServer.csproj", "{68CC575E-F644-41CD-B84B-C21350F1F928}"
EndProject
Project("{9A19103F-16F7-4668-BE54-9A1E7A4F7556}") = "GrpcClient", "GrpcClient\GrpcClient.csproj", "{895A5B4C-F747-45FA-83EC-DFC47EB02E61}"
EndProject
Global
	GlobalSection(SolutionConfigurationPlatforms) = preSolution
		Debug|Any CPU = Debug|Any CPU
		Release|Any CPU = Release|Any CPU
	EndGlobalSection
	GlobalSection(ProjectConfigurationPlatforms) = postSolution
		{68CC575E-F644-41CD-B84B-C21350F1F928}.Debug|Any CPU.ActiveCfg = Debug|Any CPU
		{68CC575E-F644-41CD-B84B-C21350F1F928}.Debug|Any CPU.Build.0 = Debug|Any CPU
		{68CC575E-F644-41CD-B84B-C21350F1F928}.Release|Any CPU.ActiveCfg = Release|Any CPU
		{68CC575E-F644-41CD-B84B-C21350F1F928}.Release|Any CPU.Build.0 = Release|Any CPU
		{895A5B4C-F747-45FA-83EC-DFC47EB02E61}.Debug|Any CPU.ActiveCfg = Debug|Any CPU
		{895A5B4C-F747-45FA-83EC-DFC47EB02E61}.Debug|Any CPU.Build.0 = Debug|Any CPU
		{895A5B4C-F747-45FA-83EC-DFC47EB02E61}.Release|Any CPU.ActiveCfg = Release|Any CPU
		{895A5B4C-F747-45FA-83EC-DFC47EB02E61}.Release|Any CPU.Build.0 = Release|Any CPU
	EndGlobalSection
	GlobalSection(SolutionProperties) = preSolution
		HideSolutionNode = FALSE
	EndGlobalSection
	GlobalSection(ExtensibilityGlobals) = postSolution
		SolutionGuid = {F7E6E8DA-12F9-476D-BE6E-A44C54FCE74F}
	EndGlobalSection
EndGlobal
